
Microsoft Visual Studio Solution File, Format Version 12.00
Project("{FAE04EC0-301F-11D3-BF4B-00C04F79EFBC}") = "MixrSharp", "MixrSharp\MixrSharp\MixrSharp.csproj", "{BD560E05-95EB-40A3-874C-82D7DA0C3015}"
EndProject
Project("{FAE04EC0-301F-11D3-BF4B-00C04F79EFBC}") = "glimpsecli", "src\glimpsecli\glimpsecli.csproj", "{F1E0BA99-FDF8-4297-A44B-B011AD865696}"
EndProject
Project("{FAE04EC0-301F-11D3-BF4B-00C04F79EFBC}") = "Glimpse", "src\Glimpse\Glimpse.csproj", "{1C241E46-55CB-4D11-A895-CC449F90AE5B}"
EndProject
Project("{2150E333-8FDC-42A3-9474-1A3956D46DE8}") = "Plugins", "Plugins", "{2D9BD12C-4E03-4DD8-8B8C-5A28494F46A9}"
EndProject
Project("{FAE04EC0-301F-11D3-BF4B-00C04F79EFBC}") = "Glimpse.DiscordPresence", "Plugins\Glimpse.DiscordPresence\Glimpse.DiscordPresence.csproj", "{07363D9A-CDDA-4856-9E1D-20123DCA1C7B}"
EndProject
Project("{FAE04EC0-301F-11D3-BF4B-00C04F79EFBC}") = "Glimpse.OpenMPT", "Plugins\Glimpse.OpenMPT\Glimpse.OpenMPT.csproj", "{3FBC03BF-4028-4105-A00C-2D1AA5FB9C95}"
EndProject
Project("{FAE04EC0-301F-11D3-BF4B-00C04F79EFBC}") = "OpenMPT.NET", "Plugins\OpenMPT.NET\OpenMPT.NET\OpenMPT.NET.csproj", "{25093E53-1E76-400A-B5A5-8E2E5E8B3691}"
EndProject
Project("{FAE04EC0-301F-11D3-BF4B-00C04F79EFBC}") = "Glimpse.API", "src\Glimpse.API\Glimpse.API.csproj", "{CCFA2821-EBF6-4614-A833-063675D8FBB0}"
EndProject
Global
	GlobalSection(SolutionConfigurationPlatforms) = preSolution
		Debug|Any CPU = Debug|Any CPU
		Release|Any CPU = Release|Any CPU
	EndGlobalSection
	GlobalSection(ProjectConfigurationPlatforms) = postSolution
		{BD560E05-95EB-40A3-874C-82D7DA0C3015}.Debug|Any CPU.ActiveCfg = Debug|Any CPU
		{BD560E05-95EB-40A3-874C-82D7DA0C3015}.Debug|Any CPU.Build.0 = Debug|Any CPU
		{BD560E05-95EB-40A3-874C-82D7DA0C3015}.Release|Any CPU.ActiveCfg = Release|Any CPU
		{BD560E05-95EB-40A3-874C-82D7DA0C3015}.Release|Any CPU.Build.0 = Release|Any CPU
		{F1E0BA99-FDF8-4297-A44B-B011AD865696}.Debug|Any CPU.ActiveCfg = Debug|Any CPU
		{F1E0BA99-FDF8-4297-A44B-B011AD865696}.Debug|Any CPU.Build.0 = Debug|Any CPU
		{F1E0BA99-FDF8-4297-A44B-B011AD865696}.Release|Any CPU.ActiveCfg = Release|Any CPU
		{F1E0BA99-FDF8-4297-A44B-B011AD865696}.Release|Any CPU.Build.0 = Release|Any CPU
		{1C241E46-55CB-4D11-A895-CC449F90AE5B}.Debug|Any CPU.ActiveCfg = Debug|Any CPU
		{1C241E46-55CB-4D11-A895-CC449F90AE5B}.Debug|Any CPU.Build.0 = Debug|Any CPU
		{1C241E46-55CB-4D11-A895-CC449F90AE5B}.Release|Any CPU.ActiveCfg = Release|Any CPU
		{1C241E46-55CB-4D11-A895-CC449F90AE5B}.Release|Any CPU.Build.0 = Release|Any CPU
		{07363D9A-CDDA-4856-9E1D-20123DCA1C7B}.Debug|Any CPU.ActiveCfg = Debug|Any CPU
		{07363D9A-CDDA-4856-9E1D-20123DCA1C7B}.Debug|Any CPU.Build.0 = Debug|Any CPU
		{07363D9A-CDDA-4856-9E1D-20123DCA1C7B}.Release|Any CPU.ActiveCfg = Release|Any CPU
		{07363D9A-CDDA-4856-9E1D-20123DCA1C7B}.Release|Any CPU.Build.0 = Release|Any CPU
		{3FBC03BF-4028-4105-A00C-2D1AA5FB9C95}.Debug|Any CPU.ActiveCfg = Debug|Any CPU
		{3FBC03BF-4028-4105-A00C-2D1AA5FB9C95}.Debug|Any CPU.Build.0 = Debug|Any CPU
		{3FBC03BF-4028-4105-A00C-2D1AA5FB9C95}.Release|Any CPU.ActiveCfg = Release|Any CPU
		{3FBC03BF-4028-4105-A00C-2D1AA5FB9C95}.Release|Any CPU.Build.0 = Release|Any CPU
		{25093E53-1E76-400A-B5A5-8E2E5E8B3691}.Debug|Any CPU.ActiveCfg = Debug|Any CPU
		{25093E53-1E76-400A-B5A5-8E2E5E8B3691}.Debug|Any CPU.Build.0 = Debug|Any CPU
		{25093E53-1E76-400A-B5A5-8E2E5E8B3691}.Release|Any CPU.ActiveCfg = Release|Any CPU
		{25093E53-1E76-400A-B5A5-8E2E5E8B3691}.Release|Any CPU.Build.0 = Release|Any CPU
		{CCFA2821-EBF6-4614-A833-063675D8FBB0}.Debug|Any CPU.ActiveCfg = Debug|Any CPU
		{CCFA2821-EBF6-4614-A833-063675D8FBB0}.Debug|Any CPU.Build.0 = Debug|Any CPU
		{CCFA2821-EBF6-4614-A833-063675D8FBB0}.Release|Any CPU.ActiveCfg = Release|Any CPU
		{CCFA2821-EBF6-4614-A833-063675D8FBB0}.Release|Any CPU.Build.0 = Release|Any CPU
	EndGlobalSection
	GlobalSection(NestedProjects) = preSolution
		{07363D9A-CDDA-4856-9E1D-20123DCA1C7B} = {2D9BD12C-4E03-4DD8-8B8C-5A28494F46A9}
		{3FBC03BF-4028-4105-A00C-2D1AA5FB9C95} = {2D9BD12C-4E03-4DD8-8B8C-5A28494F46A9}
		{25093E53-1E76-400A-B5A5-8E2E5E8B3691} = {2D9BD12C-4E03-4DD8-8B8C-5A28494F46A9}
	EndGlobalSection
EndGlobal
